
Microsoft Visual Studio Solution File, Format Version 12.00
# Visual Studio Version 16
VisualStudioVersion = 16.0.32228.343
MinimumVisualStudioVersion = 10.0.40219.1
Project("{FAE04EC0-301F-11D3-BF4B-00C04F79EFBC}") = "OOPAndFiles", "OOPAndFiles\OOPAndFiles.csproj", "{5F01EC24-8C71-41A7-A2F6-4973F037F271}"
EndProject
Project("{FAE04EC0-301F-11D3-BF4B-00C04F79EFBC}") = "Frozen", "Frozen\Frozen.csproj", "{C350E70B-EF27-4CFB-8E1B-31451CF65C9F}"
EndProject
Global
	GlobalSection(SolutionConfigurationPlatforms) = preSolution
		Debug|Any CPU = Debug|Any CPU
		Release|Any CPU = Release|Any CPU
	EndGlobalSection
	GlobalSection(ProjectConfigurationPlatforms) = postSolution
		{5F01EC24-8C71-41A7-A2F6-4973F037F271}.Debug|Any CPU.ActiveCfg = Debug|Any CPU
		{5F01EC24-8C71-41A7-A2F6-4973F037F271}.Debug|Any CPU.Build.0 = Debug|Any CPU
		{5F01EC24-8C71-41A7-A2F6-4973F037F271}.Release|Any CPU.ActiveCfg = Release|Any CPU
		{5F01EC24-8C71-41A7-A2F6-4973F037F271}.Release|Any CPU.Build.0 = Release|Any CPU
		{C350E70B-EF27-4CFB-8E1B-31451CF65C9F}.Debug|Any CPU.ActiveCfg = Debug|Any CPU
		{C350E70B-EF27-4CFB-8E1B-31451CF65C9F}.Debug|Any CPU.Build.0 = Debug|Any CPU
		{C350E70B-EF27-4CFB-8E1B-31451CF65C9F}.Release|Any CPU.ActiveCfg = Release|Any CPU
		{C350E70B-EF27-4CFB-8E1B-31451CF65C9F}.Release|Any CPU.Build.0 = Release|Any CPU
	EndGlobalSection
	GlobalSection(SolutionProperties) = preSolution
		HideSolutionNode = FALSE
	EndGlobalSection
	GlobalSection(ExtensibilityGlobals) = postSolution
		SolutionGuid = {8821061F-A1C6-4883-A871-9B27B155367D}
	EndGlobalSection
EndGlobal
